# This file is automatically @generated by Cargo.
# It is not intended for manual editing.
version = 4

[[package]]
name = "chess-bench"
version = "0.1.0"
dependencies = [
 "chess-core",
 "chess-search",
]

[[package]]
name = "chess-core"
version = "0.1.0"

[[package]]
name = "chess-engine"
version = "0.1.0"
dependencies = [
 "chess-core",
 "chess-search",
]

[[package]]
name = "chess-eval"
version = "0.1.0"
dependencies = [
 "chess-core",
 "safe_arch",
]

[[package]]
name = "chess-search"
version = "0.1.0"
dependencies = [
 "chess-core",
 "chess-eval",
]

[[package]]
name = "chess-uci"
version = "0.1.0"
dependencies = [
 "chess-core",
 "chess-engine",
]

[[package]]
name = "safe_arch"
version = "1.2.0"
source = "registry+https://github.com/rust-lang/crates.io-index"
checksum = "42c6efa15875e6ecb39ca61fb0b0c1a40b84fac5a5ffe71eef7d1000c8eb3f5f"
