# This file is automatically @generated by Cargo.
# It is not intended for manual editing.
version = 4

[[package]]
name = "chess-bench"
version = "0.1.0"
dependencies = [
 "chess-core",
 "chess-search",
]

[[package]]
name = "chess-core"
version = "0.1.0"

[[package]]
name = "chess-engine"
version = "0.1.0"
dependencies = [
 "chess-core",
 "chess-search",
]

[[package]]
name = "chess-eval"
version = "0.1.0"
dependencies = [
 "chess-core",
]

[[package]]
name = "chess-search"
version = "0.1.0"
dependencies = [
 "chess-core",
 "chess-eval",
]

[[package]]
name = "chess-uci"
version = "0.1.0"
dependencies = [
 "chess-core",
 "chess-engine",
]
